
Microsoft Visual Studio Solution File, Format Version 12.00
# Visual Studio Version 17
VisualStudioVersion = 17.2.32630.192
MinimumVisualStudioVersion = 10.0.40219.1
Project("{FAE04EC0-301F-11D3-BF4B-00C04F79EFBC}") = "WebApi", "WebApi\WebApi.csproj", "{F1C2A713-4115-4E38-BB34-BEE6F465F042}"
EndProject
Project("{FAE04EC0-301F-11D3-BF4B-00C04F79EFBC}") = "AccesoDatos", "AccesoDatos\AccesoDatos.csproj", "{5977EF49-ACD3-4A90-9AEE-DC37CDB48459}"
EndProject
Global
	GlobalSection(SolutionConfigurationPlatforms) = preSolution
		Debug|Any CPU = Debug|Any CPU
		Release|Any CPU = Release|Any CPU
	EndGlobalSection
	GlobalSection(ProjectConfigurationPlatforms) = postSolution
		{F1C2A713-4115-4E38-BB34-BEE6F465F042}.Debug|Any CPU.ActiveCfg = Debug|Any CPU
		{F1C2A713-4115-4E38-BB34-BEE6F465F042}.Debug|Any CPU.Build.0 = Debug|Any CPU
		{F1C2A713-4115-4E38-BB34-BEE6F465F042}.Release|Any CPU.ActiveCfg = Release|Any CPU
		{F1C2A713-4115-4E38-BB34-BEE6F465F042}.Release|Any CPU.Build.0 = Release|Any CPU
		{5977EF49-ACD3-4A90-9AEE-DC37CDB48459}.Debug|Any CPU.ActiveCfg = Debug|Any CPU
		{5977EF49-ACD3-4A90-9AEE-DC37CDB48459}.Debug|Any CPU.Build.0 = Debug|Any CPU
		{5977EF49-ACD3-4A90-9AEE-DC37CDB48459}.Release|Any CPU.ActiveCfg = Release|Any CPU
		{5977EF49-ACD3-4A90-9AEE-DC37CDB48459}.Release|Any CPU.Build.0 = Release|Any CPU
	EndGlobalSection
	GlobalSection(SolutionProperties) = preSolution
		HideSolutionNode = FALSE
	EndGlobalSection
	GlobalSection(ExtensibilityGlobals) = postSolution
		SolutionGuid = {AB1BDFEA-2B9E-4C5B-8381-E9EDAF4B20AD}
	EndGlobalSection
EndGlobal
